
Microsoft Visual Studio Solution File, Format Version 12.00
# Visual Studio Express 2013 for Web
VisualStudioVersion = 12.0.21005.1
MinimumVisualStudioVersion = 10.0.40219.1
Project("{FAE04EC0-301F-11D3-BF4B-00C04F79EFBC}") = "Nancy.Bandit", "src\Nancy.Bandit\Nancy.Bandit.csproj", "{57CE9269-5C53-4896-A643-EAB16F88C82D}"
EndProject
Project("{FAE04EC0-301F-11D3-BF4B-00C04F79EFBC}") = "Nancy.Bandit.Tests", "src\Nancy.Bandit.Tests\Nancy.Bandit.Tests.csproj", "{681A1F42-7269-425A-9263-114AB2B4D1F6}"
EndProject
Project("{2150E333-8FDC-42A3-9474-1A3956D46DE8}") = ".nuget", ".nuget", "{F2122968-7EE5-4B3D-8832-0D9E7CBD7C6D}"
	ProjectSection(SolutionItems) = preProject
		.nuget\packages.config = .nuget\packages.config
	EndProjectSection
EndProject
Project("{FAE04EC0-301F-11D3-BF4B-00C04F79EFBC}") = "Nancy.Bandit.IntegrationTest", "src\Nancy.Bandit.IntegrationTest\Nancy.Bandit.IntegrationTest.csproj", "{F068FABD-F77C-4AEC-9006-E6BBA0FD8040}"
EndProject
Global
	GlobalSection(SolutionConfigurationPlatforms) = preSolution
		Debug|Any CPU = Debug|Any CPU
		Release|Any CPU = Release|Any CPU
	EndGlobalSection
	GlobalSection(ProjectConfigurationPlatforms) = postSolution
		{57CE9269-5C53-4896-A643-EAB16F88C82D}.Debug|Any CPU.ActiveCfg = Debug|Any CPU
		{57CE9269-5C53-4896-A643-EAB16F88C82D}.Debug|Any CPU.Build.0 = Debug|Any CPU
		{57CE9269-5C53-4896-A643-EAB16F88C82D}.Release|Any CPU.ActiveCfg = Release|Any CPU
		{57CE9269-5C53-4896-A643-EAB16F88C82D}.Release|Any CPU.Build.0 = Release|Any CPU
		{681A1F42-7269-425A-9263-114AB2B4D1F6}.Debug|Any CPU.ActiveCfg = Debug|Any CPU
		{681A1F42-7269-425A-9263-114AB2B4D1F6}.Debug|Any CPU.Build.0 = Debug|Any CPU
		{681A1F42-7269-425A-9263-114AB2B4D1F6}.Release|Any CPU.ActiveCfg = Release|Any CPU
		{681A1F42-7269-425A-9263-114AB2B4D1F6}.Release|Any CPU.Build.0 = Release|Any CPU
		{F068FABD-F77C-4AEC-9006-E6BBA0FD8040}.Debug|Any CPU.ActiveCfg = Debug|Any CPU
		{F068FABD-F77C-4AEC-9006-E6BBA0FD8040}.Debug|Any CPU.Build.0 = Debug|Any CPU
		{F068FABD-F77C-4AEC-9006-E6BBA0FD8040}.Release|Any CPU.ActiveCfg = Release|Any CPU
		{F068FABD-F77C-4AEC-9006-E6BBA0FD8040}.Release|Any CPU.Build.0 = Release|Any CPU
	EndGlobalSection
	GlobalSection(SolutionProperties) = preSolution
		HideSolutionNode = FALSE
	EndGlobalSection
EndGlobal
